
Microsoft Visual Studio Solution File, Format Version 12.00
# Visual Studio 15
VisualStudioVersion = 15.0.28307.168
MinimumVisualStudioVersion = 10.0.40219.1
Project("{FAE04EC0-301F-11D3-BF4B-00C04F79EFBC}") = "C0732134", "C0732134\C0732134.csproj", "{424E1163-D65D-4768-A8C5-5A95C2838429}"
EndProject
Global
	GlobalSection(SolutionConfigurationPlatforms) = preSolution
		Debug|Any CPU = Debug|Any CPU
		Release|Any CPU = Release|Any CPU
	EndGlobalSection
	GlobalSection(ProjectConfigurationPlatforms) = postSolution
		{424E1163-D65D-4768-A8C5-5A95C2838429}.Debug|Any CPU.ActiveCfg = Debug|Any CPU
		{424E1163-D65D-4768-A8C5-5A95C2838429}.Debug|Any CPU.Build.0 = Debug|Any CPU
		{424E1163-D65D-4768-A8C5-5A95C2838429}.Release|Any CPU.ActiveCfg = Release|Any CPU
		{424E1163-D65D-4768-A8C5-5A95C2838429}.Release|Any CPU.Build.0 = Release|Any CPU
	EndGlobalSection
	GlobalSection(SolutionProperties) = preSolution
		HideSolutionNode = FALSE
	EndGlobalSection
	GlobalSection(ExtensibilityGlobals) = postSolution
		SolutionGuid = {D1652AD8-0D71-495D-A567-0DE2AA82FC59}
	EndGlobalSection
EndGlobal
